
Microsoft Visual Studio Solution File, Format Version 12.00
# Visual Studio 14
VisualStudioVersion = 14.0.23107.0
MinimumVisualStudioVersion = 10.0.40219.1
Project("{FAE04EC0-301F-11D3-BF4B-00C04F79EFBC}") = "WinStash", "WinStash\WinStash.csproj", "{2F3A445D-4873-4D6C-BEED-96B47C556767}"
EndProject
Project("{2150E333-8FDC-42A3-9474-1A3956D46DE8}") = "Core", "Core", "{36E427E6-321A-46C4-8062-BFC678F33DC0}"
EndProject
Project("{FAE04EC0-301F-11D3-BF4B-00C04F79EFBC}") = "WinStash.Core", "WinStash.Core\WinStash.Core.csproj", "{564ED579-D85B-4A2E-90C8-FE405EE64BEE}"
EndProject
Project("{FAE04EC0-301F-11D3-BF4B-00C04F79EFBC}") = "Plugin.Input.WinEvent", "Input.WinEvent\Plugin.Input.WinEvent.csproj", "{ACB6E0C5-F33E-4598-944D-0FE3F8383BF8}"
EndProject
Project("{2150E333-8FDC-42A3-9474-1A3956D46DE8}") = "Input", "Input", "{06332AD9-7766-4BD2-8915-DBA82DA9E52D}"
EndProject
Project("{2150E333-8FDC-42A3-9474-1A3956D46DE8}") = "Output", "Output", "{0FC162FE-BB64-4005-953A-4D53ED212877}"
EndProject
Project("{FAE04EC0-301F-11D3-BF4B-00C04F79EFBC}") = "Plugin.Output.Generic", "Output.Generic\Plugin.Output.Generic.csproj", "{DEDA3CFD-17B1-4970-96C9-5153DB8B0FDB}"
EndProject
Project("{2150E333-8FDC-42A3-9474-1A3956D46DE8}") = "Filter", "Filter", "{48E7C5A6-9B29-4AEC-AF75-B2FCAB4A9A35}"
EndProject
Project("{FAE04EC0-301F-11D3-BF4B-00C04F79EFBC}") = "Plugin.Filter.WinEvent", "Filter.Generic\Plugin.Filter.WinEvent.csproj", "{BA293D29-18D1-4570-A3A7-FE15872AC998}"
EndProject
Global
	GlobalSection(SolutionConfigurationPlatforms) = preSolution
		Debug|Any CPU = Debug|Any CPU
		Debug|x64 = Debug|x64
		Release|Any CPU = Release|Any CPU
		Release|x64 = Release|x64
	EndGlobalSection
	GlobalSection(ProjectConfigurationPlatforms) = postSolution
		{2F3A445D-4873-4D6C-BEED-96B47C556767}.Debug|Any CPU.ActiveCfg = Debug|Any CPU
		{2F3A445D-4873-4D6C-BEED-96B47C556767}.Debug|Any CPU.Build.0 = Debug|Any CPU
		{2F3A445D-4873-4D6C-BEED-96B47C556767}.Debug|x64.ActiveCfg = Debug|x64
		{2F3A445D-4873-4D6C-BEED-96B47C556767}.Debug|x64.Build.0 = Debug|x64
		{2F3A445D-4873-4D6C-BEED-96B47C556767}.Release|Any CPU.ActiveCfg = Release|Any CPU
		{2F3A445D-4873-4D6C-BEED-96B47C556767}.Release|Any CPU.Build.0 = Release|Any CPU
		{2F3A445D-4873-4D6C-BEED-96B47C556767}.Release|x64.ActiveCfg = Release|x64
		{2F3A445D-4873-4D6C-BEED-96B47C556767}.Release|x64.Build.0 = Release|x64
		{564ED579-D85B-4A2E-90C8-FE405EE64BEE}.Debug|Any CPU.ActiveCfg = Debug|Any CPU
		{564ED579-D85B-4A2E-90C8-FE405EE64BEE}.Debug|Any CPU.Build.0 = Debug|Any CPU
		{564ED579-D85B-4A2E-90C8-FE405EE64BEE}.Debug|x64.ActiveCfg = Debug|x64
		{564ED579-D85B-4A2E-90C8-FE405EE64BEE}.Debug|x64.Build.0 = Debug|x64
		{564ED579-D85B-4A2E-90C8-FE405EE64BEE}.Release|Any CPU.ActiveCfg = Release|Any CPU
		{564ED579-D85B-4A2E-90C8-FE405EE64BEE}.Release|Any CPU.Build.0 = Release|Any CPU
		{564ED579-D85B-4A2E-90C8-FE405EE64BEE}.Release|x64.ActiveCfg = Release|x64
		{564ED579-D85B-4A2E-90C8-FE405EE64BEE}.Release|x64.Build.0 = Release|x64
		{ACB6E0C5-F33E-4598-944D-0FE3F8383BF8}.Debug|Any CPU.ActiveCfg = Debug|Any CPU
		{ACB6E0C5-F33E-4598-944D-0FE3F8383BF8}.Debug|Any CPU.Build.0 = Debug|Any CPU
		{ACB6E0C5-F33E-4598-944D-0FE3F8383BF8}.Debug|x64.ActiveCfg = Debug|x64
		{ACB6E0C5-F33E-4598-944D-0FE3F8383BF8}.Debug|x64.Build.0 = Debug|x64
		{ACB6E0C5-F33E-4598-944D-0FE3F8383BF8}.Release|Any CPU.ActiveCfg = Release|Any CPU
		{ACB6E0C5-F33E-4598-944D-0FE3F8383BF8}.Release|Any CPU.Build.0 = Release|Any CPU
		{ACB6E0C5-F33E-4598-944D-0FE3F8383BF8}.Release|x64.ActiveCfg = Release|x64
		{ACB6E0C5-F33E-4598-944D-0FE3F8383BF8}.Release|x64.Build.0 = Release|x64
		{DEDA3CFD-17B1-4970-96C9-5153DB8B0FDB}.Debug|Any CPU.ActiveCfg = Debug|Any CPU
		{DEDA3CFD-17B1-4970-96C9-5153DB8B0FDB}.Debug|Any CPU.Build.0 = Debug|Any CPU
		{DEDA3CFD-17B1-4970-96C9-5153DB8B0FDB}.Debug|x64.ActiveCfg = Debug|x64
		{DEDA3CFD-17B1-4970-96C9-5153DB8B0FDB}.Debug|x64.Build.0 = Debug|x64
		{DEDA3CFD-17B1-4970-96C9-5153DB8B0FDB}.Release|Any CPU.ActiveCfg = Release|Any CPU
		{DEDA3CFD-17B1-4970-96C9-5153DB8B0FDB}.Release|Any CPU.Build.0 = Release|Any CPU
		{DEDA3CFD-17B1-4970-96C9-5153DB8B0FDB}.Release|x64.ActiveCfg = Release|x64
		{DEDA3CFD-17B1-4970-96C9-5153DB8B0FDB}.Release|x64.Build.0 = Release|x64
		{BA293D29-18D1-4570-A3A7-FE15872AC998}.Debug|Any CPU.ActiveCfg = Debug|Any CPU
		{BA293D29-18D1-4570-A3A7-FE15872AC998}.Debug|Any CPU.Build.0 = Debug|Any CPU
		{BA293D29-18D1-4570-A3A7-FE15872AC998}.Debug|x64.ActiveCfg = Debug|x64
		{BA293D29-18D1-4570-A3A7-FE15872AC998}.Debug|x64.Build.0 = Debug|x64
		{BA293D29-18D1-4570-A3A7-FE15872AC998}.Release|Any CPU.ActiveCfg = Release|Any CPU
		{BA293D29-18D1-4570-A3A7-FE15872AC998}.Release|Any CPU.Build.0 = Release|Any CPU
		{BA293D29-18D1-4570-A3A7-FE15872AC998}.Release|x64.ActiveCfg = Release|x64
		{BA293D29-18D1-4570-A3A7-FE15872AC998}.Release|x64.Build.0 = Release|x64
	EndGlobalSection
	GlobalSection(SolutionProperties) = preSolution
		HideSolutionNode = FALSE
	EndGlobalSection
	GlobalSection(NestedProjects) = preSolution
		{564ED579-D85B-4A2E-90C8-FE405EE64BEE} = {36E427E6-321A-46C4-8062-BFC678F33DC0}
		{ACB6E0C5-F33E-4598-944D-0FE3F8383BF8} = {06332AD9-7766-4BD2-8915-DBA82DA9E52D}
		{DEDA3CFD-17B1-4970-96C9-5153DB8B0FDB} = {0FC162FE-BB64-4005-953A-4D53ED212877}
		{BA293D29-18D1-4570-A3A7-FE15872AC998} = {48E7C5A6-9B29-4AEC-AF75-B2FCAB4A9A35}
	EndGlobalSection
EndGlobal
